# This file is autogenerated, do not edit; changes may be undone by the next 'dep ensure'.


[[projects]]
  name = "github.com/aws/aws-lambda-go"
  packages = [
    "events",
    "lambda",
    "lambda/messages",
    "lambdacontext"
  ]
  revision = "2d482ef09017ae953b1e8d5a6ddac5b696663a3c"
  version = "v1.6.0"

[[projects]]
  name = "github.com/aws/aws-sdk-go"
  packages = [
    "aws",
    "aws/awserr",
    "aws/awsutil",
    "aws/client",
    "aws/client/metadata",
    "aws/corehandlers",
    "aws/credentials",
    "aws/credentials/ec2rolecreds",
    "aws/credentials/endpointcreds",
    "aws/credentials/stscreds",
    "aws/csm",
    "aws/defaults",
    "aws/ec2metadata",
    "aws/endpoints",
    "aws/request",
    "aws/session",
    "aws/signer/v4",
    "internal/ini",
    "internal/sdkio",
    "internal/sdkrand",
    "internal/sdkuri",
    "internal/shareddefaults",
    "private/protocol",
    "private/protocol/query",
    "private/protocol/query/queryutil",
    "private/protocol/rest",
    "private/protocol/xml/xmlutil",
    "service/sns",
    "service/sts"
  ]
  revision = "ab1e4ad20b12ab0df8a825805de3e48ad6c59d28"
  version = "v1.15.75"

[[projects]]
  name = "github.com/jmespath/go-jmespath"
  packages = ["."]
  revision = "0b12d6b5"

[[projects]]
  name = "github.com/line/line-bot-sdk-go"
  packages = ["linebot"]
  revision = "d787aef1744dc11dbde0fac149e6fbbdbe29d3d6"
  version = "v4.0.0"

[[projects]]
  name = "github.com/shuheiktgw/go-lambda-linebot"
  packages = ["parser"]
  revision = "7e8765351a0c18aade73b2f303f95bc5e073a12b"
  version = "v0.0.1"

[solve-meta]
  analyzer-name = "dep"
  analyzer-version = 1
  inputs-digest = "25aecad3f63799f7382d89a2407dddb75f2ee8bbc1dd644eeaf7d4043c724fb9"
  solver-name = "gps-cdcl"
  solver-version = 1
